<?xml version="1.0" encoding="utf-8"?>
<Project ToolsVersion="4.0" xmlns="http://schemas.microsoft.com/developer/msbuild/2003">
  <ItemGroup>
    <Filter Include="Source Files">
      <UniqueIdentifier>{4FC737F1-C7A5-4376-A066-2A32D752A2FF}</UniqueIdentifier>
      <Extensions>cpp;c;cc;cxx;def;odl;idl;hpj;bat;asm;asmx</Extensions>
    </Filter>
    <Filter Include="Header Files">
      <UniqueIdentifier>{93995380-89BD-4b04-88EB-625FBE52EBFB}</UniqueIdentifier>
      <Extensions>h;hh;hpp;hxx;hm;inl;inc;xsd</Extensions>
    </Filter>
    <Filter Include="Resource Files">
      <UniqueIdentifier>{67DA6AB6-F800-4c08-8B7A-83BB121AAD01}</UniqueIdentifier>
      <Extensions>rc;ico;cur;bmp;dlg;rc2;rct;bin;rgs;gif;jpg;jpeg;jpe;resx;tiff;tif;png;wav</Extensions>
    </Filter>
  </ItemGroup>
  <ItemGroup>
    <ClCompile Include="src\camera\PinholeCamera.cpp">
      <Filter>Source Files</Filter>
    </ClCompile>
    <ClCompile Include="src\core\BRDF.cpp">
      <Filter>Source Files</Filter>
    </ClCompile>
    <ClCompile Include="src\core\Camera.cpp">
      <Filter>Source Files</Filter>
    </ClCompile>
    <ClCompile Include="src\core\diffgeom.cpp">
      <Filter>Source Files</Filter>
    </ClCompile>
    <ClCompile Include="src\core\geometry.cpp">
      <Filter>Source Files</Filter>
    </ClCompile>
    <ClCompile Include="src\core\global.cpp">
      <Filter>Source Files</Filter>
    </ClCompile>
    <ClCompile Include="src\core\integrator.cpp">
      <Filter>Source Files</Filter>
    </ClCompile>
    <ClCompile Include="src\core\Intersection.cpp">
      <Filter>Source Files</Filter>
    </ClCompile>
    <ClCompile Include="src\core\light.cpp">
      <Filter>Source Files</Filter>
    </ClCompile>
    <ClCompile Include="src\core\material.cpp">
      <Filter>Source Files</Filter>
    </ClCompile>
    <ClCompile Include="src\core\memory.cpp">
      <Filter>Source Files</Filter>
    </ClCompile>
    <ClCompile Include="src\core\montecarlo.cpp">
      <Filter>Source Files</Filter>
    </ClCompile>
    <ClCompile Include="src\core\parallel.cpp">
      <Filter>Source Files</Filter>
    </ClCompile>
    <ClCompile Include="src\core\primitive.cpp">
      <Filter>Source Files</Filter>
    </ClCompile>
    <ClCompile Include="src\core\random.cpp">
      <Filter>Source Files</Filter>
    </ClCompile>
    <ClCompile Include="src\core\reflection.cpp">
      <Filter>Source Files</Filter>
    </ClCompile>
    <ClCompile Include="src\core\renderer.cpp">
      <Filter>Source Files</Filter>
    </ClCompile>
    <ClCompile Include="src\core\RGB.cpp">
      <Filter>Source Files</Filter>
    </ClCompile>
    <ClCompile Include="src\core\sampler.cpp">
      <Filter>Source Files</Filter>
    </ClCompile>
    <ClCompile Include="src\core\Scene.cpp">
      <Filter>Source Files</Filter>
    </ClCompile>
    <ClCompile Include="src\core\Shape.cpp">
      <Filter>Source Files</Filter>
    </ClCompile>
    <ClCompile Include="src\core\transform.cpp">
      <Filter>Source Files</Filter>
    </ClCompile>
    <ClCompile Include="src\film\png.cpp">
      <Filter>Source Files</Filter>
    </ClCompile>
    <ClCompile Include="src\film\ppm.cpp">
      <Filter>Source Files</Filter>
    </ClCompile>
    <ClCompile Include="src\filter\box.cpp">
      <Filter>Source Files</Filter>
    </ClCompile>
    <ClCompile Include="src\integrator\directlight.cpp">
      <Filter>Source Files</Filter>
    </ClCompile>
    <ClCompile Include="src\integrator\path.cpp">
      <Filter>Source Files</Filter>
    </ClCompile>
    <ClCompile Include="src\integrator\SimpleIntegrator.cpp">
      <Filter>Source Files</Filter>
    </ClCompile>
    <ClCompile Include="src\light\distant.cpp">
      <Filter>Source Files</Filter>
    </ClCompile>
    <ClCompile Include="src\light\point.cpp">
      <Filter>Source Files</Filter>
    </ClCompile>
    <ClCompile Include="src\light\spot.cpp">
      <Filter>Source Files</Filter>
    </ClCompile>
    <ClCompile Include="src\material\matte.cpp">
      <Filter>Source Files</Filter>
    </ClCompile>
    <ClCompile Include="src\material\metal.cpp">
      <Filter>Source Files</Filter>
    </ClCompile>
    <ClCompile Include="src\material\mirror.cpp">
      <Filter>Source Files</Filter>
    </ClCompile>
    <ClCompile Include="src\material\translucent.cpp">
      <Filter>Source Files</Filter>
    </ClCompile>
    <ClCompile Include="src\renderer\simpleRenderer.cpp">
      <Filter>Source Files</Filter>
    </ClCompile>
    <ClCompile Include="src\sampler\randomSampler.cpp">
      <Filter>Source Files</Filter>
    </ClCompile>
    <ClCompile Include="src\sampler\stratified.cpp">
      <Filter>Source Files</Filter>
    </ClCompile>
    <ClCompile Include="src\shape\sphere.cpp">
      <Filter>Source Files</Filter>
    </ClCompile>
    <ClCompile Include="src\shape\trianglemesh.cpp">
      <Filter>Source Files</Filter>
    </ClCompile>
    <ClCompile Include="src\test\test.cpp">
      <Filter>Source Files</Filter>
    </ClCompile>
    <ClCompile Include="src\thrid\lodepng\lodepng.cpp">
      <Filter>Source Files</Filter>
    </ClCompile>
    <ClCompile Include="src\thrid\objloader\Model.cpp">
      <Filter>Source Files</Filter>
    </ClCompile>
    <ClCompile Include="src\main.cpp">
      <Filter>Source Files</Filter>
    </ClCompile>
    <ClCompile Include="src\integrator\igi.cpp">
      <Filter>Source Files</Filter>
    </ClCompile>
    <ClCompile Include="src\accelerator\grid.cpp">
      <Filter>Source Files</Filter>
    </ClCompile>
    <ClCompile Include="src\material\grass.cpp">
      <Filter>Source Files</Filter>
    </ClCompile>
    <ClCompile Include="src\texture\image.cpp">
      <Filter>Source Files</Filter>
    </ClCompile>
    <ClCompile Include="src\core\mipmap.cpp">
      <Filter>Source Files</Filter>
    </ClCompile>
    <ClCompile Include="src\core\texture.cpp">
      <Filter>Source Files</Filter>
    </ClCompile>
    <ClCompile Include="src\accelerator\normal.cpp">
      <Filter>Source Files</Filter>
    </ClCompile>
    <ClCompile Include="src\accelerator\bvh.cpp">
      <Filter>Source Files</Filter>
    </ClCompile>
    <ClCompile Include="src\integrator\ic.cpp">
      <Filter>Source Files</Filter>
    </ClCompile>
    <ClCompile Include="src\camera\orthographic.cpp">
      <Filter>Source Files</Filter>
    </ClCompile>
    <ClCompile Include="src\camera\perspective.cpp">
      <Filter>Source Files</Filter>
    </ClCompile>
    <ClCompile Include="src\sampler\lowdiscrepancy.cpp">
      <Filter>Source Files</Filter>
    </ClCompile>
    <ClCompile Include="src\tool\mesh.cpp">
      <Filter>Source Files</Filter>
    </ClCompile>
    <ClCompile Include="src\thrid\tinyobjloader\tiny_obj_loader.cc">
      <Filter>Source Files</Filter>
    </ClCompile>
    <ClCompile Include="src\core\imageio.cpp">
      <Filter>Source Files</Filter>
    </ClCompile>
    <ClCompile Include="src\renderer\metropolis.cpp">
      <Filter>Source Files</Filter>
    </ClCompile>
  </ItemGroup>
  <ItemGroup>
    <ClInclude Include="src\camera\PinholeCamera.h">
      <Filter>Header Files</Filter>
    </ClInclude>
    <ClInclude Include="src\core\BRDF.h">
      <Filter>Header Files</Filter>
    </ClInclude>
    <ClInclude Include="src\core\Camera.h">
      <Filter>Header Files</Filter>
    </ClInclude>
    <ClInclude Include="src\core\diffgeom.h">
      <Filter>Header Files</Filter>
    </ClInclude>
    <ClInclude Include="src\core\film.h">
      <Filter>Header Files</Filter>
    </ClInclude>
    <ClInclude Include="src\core\filter.h">
      <Filter>Header Files</Filter>
    </ClInclude>
    <ClInclude Include="src\core\geometry.h">
      <Filter>Header Files</Filter>
    </ClInclude>
    <ClInclude Include="src\core\global.h">
      <Filter>Header Files</Filter>
    </ClInclude>
    <ClInclude Include="src\core\integrator.h">
      <Filter>Header Files</Filter>
    </ClInclude>
    <ClInclude Include="src\core\Intersection.h">
      <Filter>Header Files</Filter>
    </ClInclude>
    <ClInclude Include="src\core\light.h">
      <Filter>Header Files</Filter>
    </ClInclude>
    <ClInclude Include="src\core\material.h">
      <Filter>Header Files</Filter>
    </ClInclude>
    <ClInclude Include="src\core\memory.h">
      <Filter>Header Files</Filter>
    </ClInclude>
    <ClInclude Include="src\core\montecarlo.h">
      <Filter>Header Files</Filter>
    </ClInclude>
    <ClInclude Include="src\core\parallel.h">
      <Filter>Header Files</Filter>
    </ClInclude>
    <ClInclude Include="src\core\primitive.h">
      <Filter>Header Files</Filter>
    </ClInclude>
    <ClInclude Include="src\core\random.h">
      <Filter>Header Files</Filter>
    </ClInclude>
    <ClInclude Include="src\core\reflection.h">
      <Filter>Header Files</Filter>
    </ClInclude>
    <ClInclude Include="src\core\renderer.h">
      <Filter>Header Files</Filter>
    </ClInclude>
    <ClInclude Include="src\core\RGB.h">
      <Filter>Header Files</Filter>
    </ClInclude>
    <ClInclude Include="src\core\sampler.h">
      <Filter>Header Files</Filter>
    </ClInclude>
    <ClInclude Include="src\core\Scene.h">
      <Filter>Header Files</Filter>
    </ClInclude>
    <ClInclude Include="src\core\Shape.h">
      <Filter>Header Files</Filter>
    </ClInclude>
    <ClInclude Include="src\core\texture.h">
      <Filter>Header Files</Filter>
    </ClInclude>
    <ClInclude Include="src\core\transform.h">
      <Filter>Header Files</Filter>
    </ClInclude>
    <ClInclude Include="src\film\png.h">
      <Filter>Header Files</Filter>
    </ClInclude>
    <ClInclude Include="src\film\ppm.h">
      <Filter>Header Files</Filter>
    </ClInclude>
    <ClInclude Include="src\filter\box.h">
      <Filter>Header Files</Filter>
    </ClInclude>
    <ClInclude Include="src\filter\triangle.h">
      <Filter>Header Files</Filter>
    </ClInclude>
    <ClInclude Include="src\integrator\directlight.h">
      <Filter>Header Files</Filter>
    </ClInclude>
    <ClInclude Include="src\integrator\path.h">
      <Filter>Header Files</Filter>
    </ClInclude>
    <ClInclude Include="src\integrator\SimpleIntegrator.h">
      <Filter>Header Files</Filter>
    </ClInclude>
    <ClInclude Include="src\light\diffuse.h">
      <Filter>Header Files</Filter>
    </ClInclude>
    <ClInclude Include="src\light\distant.h">
      <Filter>Header Files</Filter>
    </ClInclude>
    <ClInclude Include="src\light\point.h">
      <Filter>Header Files</Filter>
    </ClInclude>
    <ClInclude Include="src\light\spot.h">
      <Filter>Header Files</Filter>
    </ClInclude>
    <ClInclude Include="src\material\matte.h">
      <Filter>Header Files</Filter>
    </ClInclude>
    <ClInclude Include="src\material\metal.h">
      <Filter>Header Files</Filter>
    </ClInclude>
    <ClInclude Include="src\material\mirror.h">
      <Filter>Header Files</Filter>
    </ClInclude>
    <ClInclude Include="src\material\translucent.h">
      <Filter>Header Files</Filter>
    </ClInclude>
    <ClInclude Include="src\renderer\simpleRenderer.h">
      <Filter>Header Files</Filter>
    </ClInclude>
    <ClInclude Include="src\sampler\randomSampler.h">
      <Filter>Header Files</Filter>
    </ClInclude>
    <ClInclude Include="src\sampler\stratified.h">
      <Filter>Header Files</Filter>
    </ClInclude>
    <ClInclude Include="src\shape\sphere.h">
      <Filter>Header Files</Filter>
    </ClInclude>
    <ClInclude Include="src\shape\trianglemesh.h">
      <Filter>Header Files</Filter>
    </ClInclude>
    <ClInclude Include="src\test\test.h">
      <Filter>Header Files</Filter>
    </ClInclude>
    <ClInclude Include="src\texture\checkerboard.h">
      <Filter>Header Files</Filter>
    </ClInclude>
    <ClInclude Include="src\texture\constant.h">
      <Filter>Header Files</Filter>
    </ClInclude>
    <ClInclude Include="src\texture\scale.h">
      <Filter>Header Files</Filter>
    </ClInclude>
    <ClInclude Include="src\thrid\lodepng\lodepng.h">
      <Filter>Header Files</Filter>
    </ClInclude>
    <ClInclude Include="src\thrid\objloader\Model.h">
      <Filter>Header Files</Filter>
    </ClInclude>
    <ClInclude Include="src\integrator\igi.h">
      <Filter>Header Files</Filter>
    </ClInclude>
    <ClInclude Include="src\accelerator\grid.h">
      <Filter>Header Files</Filter>
    </ClInclude>
    <ClInclude Include="src\material\grass.h">
      <Filter>Header Files</Filter>
    </ClInclude>
    <ClInclude Include="src\core\mipmap.h">
      <Filter>Header Files</Filter>
    </ClInclude>
    <ClInclude Include="src\texture\image.h">
      <Filter>Header Files</Filter>
    </ClInclude>
    <ClInclude Include="src\accelerator\normal.h">
      <Filter>Header Files</Filter>
    </ClInclude>
    <ClInclude Include="src\accelerator\bvh.h">
      <Filter>Header Files</Filter>
    </ClInclude>
    <ClInclude Include="src\integrator\ic.h">
      <Filter>Header Files</Filter>
    </ClInclude>
    <ClInclude Include="src\camera\orthographic.h">
      <Filter>Header Files</Filter>
    </ClInclude>
    <ClInclude Include="src\camera\perspective.h">
      <Filter>Header Files</Filter>
    </ClInclude>
    <ClInclude Include="src\sampler\lowdiscrepancy.h">
      <Filter>Header Files</Filter>
    </ClInclude>
    <ClInclude Include="src\tool\mesh.h">
      <Filter>Header Files</Filter>
    </ClInclude>
    <ClInclude Include="src\thrid\tinyobjloader\tiny_obj_loader.h">
      <Filter>Header Files</Filter>
    </ClInclude>
    <ClInclude Include="src\core\imageio.h">
      <Filter>Header Files</Filter>
    </ClInclude>
    <ClInclude Include="src\renderer\metropolis.h">
      <Filter>Header Files</Filter>
    </ClInclude>
  </ItemGroup>
</Project>